
Microsoft Visual Studio Solution File, Format Version 12.00
# Visual Studio Version 17
VisualStudioVersion = 17.7.34031.279
MinimumVisualStudioVersion = 10.0.40219.1
Project("{FAE04EC0-301F-11D3-BF4B-00C04F79EFBC}") = "TryParseDemo", "TryParseDemo.csproj", "{BC5AED05-D995-4B80-93F4-01398AB2EE02}"
EndProject
Global
	GlobalSection(SolutionConfigurationPlatforms) = preSolution
		Debug|Any CPU = Debug|Any CPU
		Release|Any CPU = Release|Any CPU
	EndGlobalSection
	GlobalSection(ProjectConfigurationPlatforms) = postSolution
		{BC5AED05-D995-4B80-93F4-01398AB2EE02}.Debug|Any CPU.ActiveCfg = Debug|Any CPU
		{BC5AED05-D995-4B80-93F4-01398AB2EE02}.Debug|Any CPU.Build.0 = Debug|Any CPU
		{BC5AED05-D995-4B80-93F4-01398AB2EE02}.Release|Any CPU.ActiveCfg = Release|Any CPU
		{BC5AED05-D995-4B80-93F4-01398AB2EE02}.Release|Any CPU.Build.0 = Release|Any CPU
	EndGlobalSection
	GlobalSection(SolutionProperties) = preSolution
		HideSolutionNode = FALSE
	EndGlobalSection
	GlobalSection(ExtensibilityGlobals) = postSolution
		SolutionGuid = {5B5AC894-21FF-430E-87A6-EA250FB3DC49}
	EndGlobalSection
EndGlobal
